// !$*UTF8*$!
{
	archiveVersion = 1;
	classes = {
	};
	objectVersion = 46;
	objects = {

/* Begin PBXBuildFile section */
		24AF882B1917CAC600DB6990 /* Foundation.framework in Frameworks */ = {isa = PBXBuildFile; fileRef = 24AF882A1917CAC600DB6990 /* Foundation.framework */; };
		24AF882D1917CAC600DB6990 /* CoreGraphics.framework in Frameworks */ = {isa = PBXBuildFile; fileRef = 24AF882C1917CAC600DB6990 /* CoreGraphics.framework */; };
		24AF882F1917CAC600DB6990 /* UIKit.framework in Frameworks */ = {isa = PBXBuildFile; fileRef = 24AF882E1917CAC600DB6990 /* UIKit.framework */; };
		24AF88351917CAC600DB6990 /* InfoPlist.strings in Resources */ = {isa = PBXBuildFile; fileRef = 24AF88331917CAC600DB6990 /* InfoPlist.strings */; };
		24AF88371917CAC600DB6990 /* main.m in Sources */ = {isa = PBXBuildFile; fileRef = 24AF88361917CAC600DB6990 /* main.m */; };
		24AF883B1917CAC600DB6990 /* AppDelegate.m in Sources */ = {isa = PBXBuildFile; fileRef = 24AF883A1917CAC600DB6990 /* AppDelegate.m */; };
		24AF883E1917CAC600DB6990 /* Main.storyboard in Resources */ = {isa = PBXBuildFile; fileRef = 24AF883C1917CAC600DB6990 /* Main.storyboard */; };
		24AF88431917CAC600DB6990 /* Images.xcassets in Resources */ = {isa = PBXBuildFile; fileRef = 24AF88421917CAC600DB6990 /* Images.xcassets */; };
		24AF884A1917CAC600DB6990 /* XCTest.framework in Frameworks */ = {isa = PBXBuildFile; fileRef = 24AF88491917CAC600DB6990 /* XCTest.framework */; };
		24AF884B1917CAC600DB6990 /* Foundation.framework in Frameworks */ = {isa = PBXBuildFile; fileRef = 24AF882A1917CAC600DB6990 /* Foundation.framework */; };
		24AF884C1917CAC600DB6990 /* UIKit.framework in Frameworks */ = {isa = PBXBuildFile; fileRef = 24AF882E1917CAC600DB6990 /* UIKit.framework */; };
		24AF88541917CAC600DB6990 /* InfoPlist.strings in Resources */ = {isa = PBXBuildFile; fileRef = 24AF88521917CAC600DB6990 /* InfoPlist.strings */; };
		24AF88561917CAC600DB6990 /* BackOffice2_0Tests.m in Sources */ = {isa = PBXBuildFile; fileRef = 24AF88551917CAC600DB6990 /* BackOffice2_0Tests.m */; };
		24AF8878191829F800DB6990 /* ISMViewController.m in Sources */ = {isa = PBXBuildFile; fileRef = 24AF8877191829F800DB6990 /* ISMViewController.m */; };
		24AF887D19182A9E00DB6990 /* UIWindow+Screenshot.m in Sources */ = {isa = PBXBuildFile; fileRef = 24AF887C19182A9E00DB6990 /* UIWindow+Screenshot.m */; };
		24AF887F19183A4A00DB6990 /* fancyBackground.png in Resources */ = {isa = PBXBuildFile; fileRef = 24AF887E19183A4A00DB6990 /* fancyBackground.png */; };
		24AF88811918BE3400DB6990 /* main-bgr.png in Resources */ = {isa = PBXBuildFile; fileRef = 24AF88801918BE3400DB6990 /* main-bgr.png */; };
		24AF888A1918C21B00DB6990 /* MainViewController.m in Sources */ = {isa = PBXBuildFile; fileRef = 24AF88891918C21B00DB6990 /* MainViewController.m */; };
		24AF88901918F59000DB6990 /* BackgroundVC.m in Sources */ = {isa = PBXBuildFile; fileRef = 24AF888F1918F59000DB6990 /* BackgroundVC.m */; };
		24AF88941918F6EA00DB6990 /* UIColor+Color.m in Sources */ = {isa = PBXBuildFile; fileRef = 24AF88931918F6EA00DB6990 /* UIColor+Color.m */; };
		24AF88961918F7A400DB6990 /* main-bgr-color.jpg in Resources */ = {isa = PBXBuildFile; fileRef = 24AF88951918F7A400DB6990 /* main-bgr-color.jpg */; };
		24AF88981918F7AE00DB6990 /* main-bgr-gray.jpg in Resources */ = {isa = PBXBuildFile; fileRef = 24AF88971918F7AE00DB6990 /* main-bgr-gray.jpg */; };
		24AF88A719191AD800DB6990 /* SwipeView.m in Sources */ = {isa = PBXBuildFile; fileRef = 24AF88A619191AD800DB6990 /* SwipeView.m */; };
		24AF88AB191A2BB400DB6990 /* TaskCell.m in Sources */ = {isa = PBXBuildFile; fileRef = 24AF88AA191A2BB400DB6990 /* TaskCell.m */; };
/* End PBXBuildFile section */

/* Begin PBXContainerItemProxy section */
		24AF884D1917CAC600DB6990 /* PBXContainerItemProxy */ = {
			isa = PBXContainerItemProxy;
			containerPortal = 24AF881F1917CAC600DB6990 /* Project object */;
			proxyType = 1;
			remoteGlobalIDString = 24AF88261917CAC600DB6990;
			remoteInfo = BackOffice2.0;
		};
/* End PBXContainerItemProxy section */

/* Begin PBXFileReference section */
		24AF88271917CAC600DB6990 /* BackOffice2.0.app */ = {isa = PBXFileReference; explicitFileType = wrapper.application; includeInIndex = 0; path = BackOffice2.0.app; sourceTree = BUILT_PRODUCTS_DIR; };
		24AF882A1917CAC600DB6990 /* Foundation.framework */ = {isa = PBXFileReference; lastKnownFileType = wrapper.framework; name = Foundation.framework; path = System/Library/Frameworks/Foundation.framework; sourceTree = SDKROOT; };
		24AF882C1917CAC600DB6990 /* CoreGraphics.framework */ = {isa = PBXFileReference; lastKnownFileType = wrapper.framework; name = CoreGraphics.framework; path = System/Library/Frameworks/CoreGraphics.framework; sourceTree = SDKROOT; };
		24AF882E1917CAC600DB6990 /* UIKit.framework */ = {isa = PBXFileReference; lastKnownFileType = wrapper.framework; name = UIKit.framework; path = System/Library/Frameworks/UIKit.framework; sourceTree = SDKROOT; };
		24AF88321917CAC600DB6990 /* BackOffice2.0-Info.plist */ = {isa = PBXFileReference; lastKnownFileType = text.plist.xml; path = "BackOffice2.0-Info.plist"; sourceTree = "<group>"; };
		24AF88341917CAC600DB6990 /* en */ = {isa = PBXFileReference; lastKnownFileType = text.plist.strings; name = en; path = en.lproj/InfoPlist.strings; sourceTree = "<group>"; };
		24AF88361917CAC600DB6990 /* main.m */ = {isa = PBXFileReference; lastKnownFileType = sourcecode.c.objc; path = main.m; sourceTree = "<group>"; };
		24AF88381917CAC600DB6990 /* BackOffice2.0-Prefix.pch */ = {isa = PBXFileReference; lastKnownFileType = sourcecode.c.h; path = "BackOffice2.0-Prefix.pch"; sourceTree = "<group>"; };
		24AF88391917CAC600DB6990 /* AppDelegate.h */ = {isa = PBXFileReference; lastKnownFileType = sourcecode.c.h; path = AppDelegate.h; sourceTree = "<group>"; };
		24AF883A1917CAC600DB6990 /* AppDelegate.m */ = {isa = PBXFileReference; lastKnownFileType = sourcecode.c.objc; path = AppDelegate.m; sourceTree = "<group>"; };
		24AF883D1917CAC600DB6990 /* Base */ = {isa = PBXFileReference; lastKnownFileType = file.storyboard; name = Base; path = Base.lproj/Main.storyboard; sourceTree = "<group>"; };
		24AF88421917CAC600DB6990 /* Images.xcassets */ = {isa = PBXFileReference; lastKnownFileType = folder.assetcatalog; path = Images.xcassets; sourceTree = "<group>"; };
		24AF88481917CAC600DB6990 /* BackOffice2.0Tests.xctest */ = {isa = PBXFileReference; explicitFileType = wrapper.cfbundle; includeInIndex = 0; path = BackOffice2.0Tests.xctest; sourceTree = BUILT_PRODUCTS_DIR; };
		24AF88491917CAC600DB6990 /* XCTest.framework */ = {isa = PBXFileReference; lastKnownFileType = wrapper.framework; name = XCTest.framework; path = Library/Frameworks/XCTest.framework; sourceTree = DEVELOPER_DIR; };
		24AF88511917CAC600DB6990 /* BackOffice2.0Tests-Info.plist */ = {isa = PBXFileReference; lastKnownFileType = text.plist.xml; path = "BackOffice2.0Tests-Info.plist"; sourceTree = "<group>"; };
		24AF88531917CAC600DB6990 /* en */ = {isa = PBXFileReference; lastKnownFileType = text.plist.strings; name = en; path = en.lproj/InfoPlist.strings; sourceTree = "<group>"; };
		24AF88551917CAC600DB6990 /* BackOffice2_0Tests.m */ = {isa = PBXFileReference; lastKnownFileType = sourcecode.c.objc; path = BackOffice2_0Tests.m; sourceTree = "<group>"; };
		24AF8877191829F800DB6990 /* ISMViewController.m */ = {isa = PBXFileReference; fileEncoding = 4; lastKnownFileType = sourcecode.c.objc; path = ISMViewController.m; sourceTree = "<group>"; };
		24AF887919182A0F00DB6990 /* ISMViewController.h */ = {isa = PBXFileReference; lastKnownFileType = sourcecode.c.h; path = ISMViewController.h; sourceTree = "<group>"; };
		24AF887B19182A9E00DB6990 /* UIWindow+Screenshot.h */ = {isa = PBXFileReference; fileEncoding = 4; lastKnownFileType = sourcecode.c.h; path = "UIWindow+Screenshot.h"; sourceTree = "<group>"; };
		24AF887C19182A9E00DB6990 /* UIWindow+Screenshot.m */ = {isa = PBXFileReference; fileEncoding = 4; lastKnownFileType = sourcecode.c.objc; path = "UIWindow+Screenshot.m"; sourceTree = "<group>"; };
		24AF887E19183A4A00DB6990 /* fancyBackground.png */ = {isa = PBXFileReference; lastKnownFileType = image.png; path = fancyBackground.png; sourceTree = "<group>"; };
		24AF88801918BE3400DB6990 /* main-bgr.png */ = {isa = PBXFileReference; lastKnownFileType = image.png; path = "main-bgr.png"; sourceTree = "<group>"; };
		24AF88881918C21B00DB6990 /* MainViewController.h */ = {isa = PBXFileReference; fileEncoding = 4; lastKnownFileType = sourcecode.c.h; name = MainViewController.h; path = ../MainViewController.h; sourceTree = "<group>"; };
		24AF88891918C21B00DB6990 /* MainViewController.m */ = {isa = PBXFileReference; fileEncoding = 4; lastKnownFileType = sourcecode.c.objc; name = MainViewController.m; path = ../MainViewController.m; sourceTree = "<group>"; };
		24AF888F1918F59000DB6990 /* BackgroundVC.m */ = {isa = PBXFileReference; fileEncoding = 4; lastKnownFileType = sourcecode.c.objc; path = BackgroundVC.m; sourceTree = "<group>"; };
		24AF88911918F59700DB6990 /* BackgroundVC.h */ = {isa = PBXFileReference; lastKnownFileType = sourcecode.c.h; path = BackgroundVC.h; sourceTree = "<group>"; };
		24AF88921918F6E600DB6990 /* UIColor+Color.h */ = {isa = PBXFileReference; lastKnownFileType = sourcecode.c.h; path = "UIColor+Color.h"; sourceTree = "<group>"; };
		24AF88931918F6EA00DB6990 /* UIColor+Color.m */ = {isa = PBXFileReference; fileEncoding = 4; lastKnownFileType = sourcecode.c.objc; path = "UIColor+Color.m"; sourceTree = "<group>"; };
		24AF88951918F7A400DB6990 /* main-bgr-color.jpg */ = {isa = PBXFileReference; lastKnownFileType = image.jpeg; path = "main-bgr-color.jpg"; sourceTree = "<group>"; };
		24AF88971918F7AE00DB6990 /* main-bgr-gray.jpg */ = {isa = PBXFileReference; lastKnownFileType = image.jpeg; path = "main-bgr-gray.jpg"; sourceTree = "<group>"; };
		24AF88A619191AD800DB6990 /* SwipeView.m */ = {isa = PBXFileReference; fileEncoding = 4; lastKnownFileType = sourcecode.c.objc; path = SwipeView.m; sourceTree = "<group>"; };
		24AF88A819191ADF00DB6990 /* SwipeView.h */ = {isa = PBXFileReference; lastKnownFileType = sourcecode.c.h; path = SwipeView.h; sourceTree = "<group>"; };
		24AF88A9191A2BB400DB6990 /* TaskCell.h */ = {isa = PBXFileReference; fileEncoding = 4; lastKnownFileType = sourcecode.c.h; path = TaskCell.h; sourceTree = "<group>"; };
		24AF88AA191A2BB400DB6990 /* TaskCell.m */ = {isa = PBXFileReference; fileEncoding = 4; lastKnownFileType = sourcecode.c.objc; path = TaskCell.m; sourceTree = "<group>"; };
/* End PBXFileReference section */

/* Begin PBXFrameworksBuildPhase section */
		24AF88241917CAC600DB6990 /* Frameworks */ = {
			isa = PBXFrameworksBuildPhase;
			buildActionMask = 2147483647;
			files = (
				24AF882D1917CAC600DB6990 /* CoreGraphics.framework in Frameworks */,
				24AF882F1917CAC600DB6990 /* UIKit.framework in Frameworks */,
				24AF882B1917CAC600DB6990 /* Foundation.framework in Frameworks */,
			);
			runOnlyForDeploymentPostprocessing = 0;
		};
		24AF88451917CAC600DB6990 /* Frameworks */ = {
			isa = PBXFrameworksBuildPhase;
			buildActionMask = 2147483647;
			files = (
				24AF884A1917CAC600DB6990 /* XCTest.framework in Frameworks */,
				24AF884C1917CAC600DB6990 /* UIKit.framework in Frameworks */,
				24AF884B1917CAC600DB6990 /* Foundation.framework in Frameworks */,
			);
			runOnlyForDeploymentPostprocessing = 0;
		};
/* End PBXFrameworksBuildPhase section */

/* Begin PBXGroup section */
		24AF881E1917CAC600DB6990 = {
			isa = PBXGroup;
			children = (
				24AF88301917CAC600DB6990 /* BackOffice2.0 */,
				24AF884F1917CAC600DB6990 /* BackOffice2.0Tests */,
				24AF88291917CAC600DB6990 /* Frameworks */,
				24AF88281917CAC600DB6990 /* Products */,
			);
			sourceTree = "<group>";
		};
		24AF88281917CAC600DB6990 /* Products */ = {
			isa = PBXGroup;
			children = (
				24AF88271917CAC600DB6990 /* BackOffice2.0.app */,
				24AF88481917CAC600DB6990 /* BackOffice2.0Tests.xctest */,
			);
			name = Products;
			sourceTree = "<group>";
		};
		24AF88291917CAC600DB6990 /* Frameworks */ = {
			isa = PBXGroup;
			children = (
				24AF882A1917CAC600DB6990 /* Foundation.framework */,
				24AF882C1917CAC600DB6990 /* CoreGraphics.framework */,
				24AF882E1917CAC600DB6990 /* UIKit.framework */,
				24AF88491917CAC600DB6990 /* XCTest.framework */,
			);
			name = Frameworks;
			sourceTree = "<group>";
		};
		24AF88301917CAC600DB6990 /* BackOffice2.0 */ = {
			isa = PBXGroup;
			children = (
				24AF88391917CAC600DB6990 /* AppDelegate.h */,
				24AF883A1917CAC600DB6990 /* AppDelegate.m */,
				24AF883C1917CAC600DB6990 /* Main.storyboard */,
				24AF887919182A0F00DB6990 /* ISMViewController.h */,
				24AF8877191829F800DB6990 /* ISMViewController.m */,
				24AF889D1918FAA200DB6990 /* Main (Tasks) */,
				24AF88991918FA0A00DB6990 /* Background */,
				24AF889A1918FA2700DB6990 /* resources */,
				24AF887A19182A9E00DB6990 /* Categories */,
				24AF88421917CAC600DB6990 /* Images.xcassets */,
				24AF88311917CAC600DB6990 /* Supporting Files */,
			);
			path = BackOffice2.0;
			sourceTree = "<group>";
		};
		24AF88311917CAC600DB6990 /* Supporting Files */ = {
			isa = PBXGroup;
			children = (
				24AF88321917CAC600DB6990 /* BackOffice2.0-Info.plist */,
				24AF88331917CAC600DB6990 /* InfoPlist.strings */,
				24AF88361917CAC600DB6990 /* main.m */,
				24AF88381917CAC600DB6990 /* BackOffice2.0-Prefix.pch */,
			);
			name = "Supporting Files";
			sourceTree = "<group>";
		};
		24AF884F1917CAC600DB6990 /* BackOffice2.0Tests */ = {
			isa = PBXGroup;
			children = (
				24AF88551917CAC600DB6990 /* BackOffice2_0Tests.m */,
				24AF88501917CAC600DB6990 /* Supporting Files */,
			);
			path = BackOffice2.0Tests;
			sourceTree = "<group>";
		};
		24AF88501917CAC600DB6990 /* Supporting Files */ = {
			isa = PBXGroup;
			children = (
				24AF88511917CAC600DB6990 /* BackOffice2.0Tests-Info.plist */,
				24AF88521917CAC600DB6990 /* InfoPlist.strings */,
			);
			name = "Supporting Files";
			sourceTree = "<group>";
		};
		24AF887A19182A9E00DB6990 /* Categories */ = {
			isa = PBXGroup;
			children = (
				24AF887B19182A9E00DB6990 /* UIWindow+Screenshot.h */,
				24AF887C19182A9E00DB6990 /* UIWindow+Screenshot.m */,
			);
			path = Categories;
			sourceTree = "<group>";
		};
		24AF88991918FA0A00DB6990 /* Background */ = {
			isa = PBXGroup;
			children = (
				24AF88911918F59700DB6990 /* BackgroundVC.h */,
				24AF888F1918F59000DB6990 /* BackgroundVC.m */,
				24AF88921918F6E600DB6990 /* UIColor+Color.h */,
				24AF88931918F6EA00DB6990 /* UIColor+Color.m */,
			);
			name = Background;
			sourceTree = "<group>";
		};
		24AF889A1918FA2700DB6990 /* resources */ = {
			isa = PBXGroup;
			children = (
				24AF887E19183A4A00DB6990 /* fancyBackground.png */,
				24AF88801918BE3400DB6990 /* main-bgr.png */,
				24AF88951918F7A400DB6990 /* main-bgr-color.jpg */,
				24AF88971918F7AE00DB6990 /* main-bgr-gray.jpg */,
			);
			name = resources;
			sourceTree = "<group>";
		};
		24AF889D1918FAA200DB6990 /* Main (Tasks) */ = {
			isa = PBXGroup;
			children = (
				24AF88881918C21B00DB6990 /* MainViewController.h */,
				24AF88891918C21B00DB6990 /* MainViewController.m */,
				24AF88A9191A2BB400DB6990 /* TaskCell.h */,
				24AF88AA191A2BB400DB6990 /* TaskCell.m */,
				24AF88A819191ADF00DB6990 /* SwipeView.h */,
				24AF88A619191AD800DB6990 /* SwipeView.m */,
			);
			name = "Main (Tasks)";
			sourceTree = "<group>";
		};
/* End PBXGroup section */

/* Begin PBXNativeTarget section */
		24AF88261917CAC600DB6990 /* BackOffice2.0 */ = {
			isa = PBXNativeTarget;
			buildConfigurationList = 24AF88591917CAC600DB6990 /* Build configuration list for PBXNativeTarget "BackOffice2.0" */;
			buildPhases = (
				24AF88231917CAC600DB6990 /* Sources */,
				24AF88241917CAC600DB6990 /* Frameworks */,
				24AF88251917CAC600DB6990 /* Resources */,
			);
			buildRules = (
			);
			dependencies = (
			);
			name = BackOffice2.0;
			productName = BackOffice2.0;
			productReference = 24AF88271917CAC600DB6990 /* BackOffice2.0.app */;
			productType = "com.apple.product-type.application";
		};
		24AF88471917CAC600DB6990 /* BackOffice2.0Tests */ = {
			isa = PBXNativeTarget;
			buildConfigurationList = 24AF885C1917CAC600DB6990 /* Build configuration list for PBXNativeTarget "BackOffice2.0Tests" */;
			buildPhases = (
				24AF88441917CAC600DB6990 /* Sources */,
				24AF88451917CAC600DB6990 /* Frameworks */,
				24AF88461917CAC600DB6990 /* Resources */,
			);
			buildRules = (
			);
			dependencies = (
				24AF884E1917CAC600DB6990 /* PBXTargetDependency */,
			);
			name = BackOffice2.0Tests;
			productName = BackOffice2.0Tests;
			productReference = 24AF88481917CAC600DB6990 /* BackOffice2.0Tests.xctest */;
			productType = "com.apple.product-type.bundle.unit-test";
		};
/* End PBXNativeTarget section */

/* Begin PBXProject section */
		24AF881F1917CAC600DB6990 /* Project object */ = {
			isa = PBXProject;
			attributes = {
				LastUpgradeCheck = 0510;
				ORGANIZATIONNAME = "soft-artel";
				TargetAttributes = {
					24AF88471917CAC600DB6990 = {
						TestTargetID = 24AF88261917CAC600DB6990;
					};
				};
			};
			buildConfigurationList = 24AF88221917CAC600DB6990 /* Build configuration list for PBXProject "BackOffice2.0" */;
			compatibilityVersion = "Xcode 3.2";
			developmentRegion = English;
			hasScannedForEncodings = 0;
			knownRegions = (
				en,
				Base,
			);
			mainGroup = 24AF881E1917CAC600DB6990;
			productRefGroup = 24AF88281917CAC600DB6990 /* Products */;
			projectDirPath = "";
			projectRoot = "";
			targets = (
				24AF88261917CAC600DB6990 /* BackOffice2.0 */,
				24AF88471917CAC600DB6990 /* BackOffice2.0Tests */,
			);
		};
/* End PBXProject section */

/* Begin PBXResourcesBuildPhase section */
		24AF88251917CAC600DB6990 /* Resources */ = {
			isa = PBXResourcesBuildPhase;
			buildActionMask = 2147483647;
			files = (
				24AF88981918F7AE00DB6990 /* main-bgr-gray.jpg in Resources */,
				24AF88431917CAC600DB6990 /* Images.xcassets in Resources */,
				24AF88811918BE3400DB6990 /* main-bgr.png in Resources */,
				24AF88961918F7A400DB6990 /* main-bgr-color.jpg in Resources */,
				24AF88351917CAC600DB6990 /* InfoPlist.strings in Resources */,
				24AF883E1917CAC600DB6990 /* Main.storyboard in Resources */,
				24AF887F19183A4A00DB6990 /* fancyBackground.png in Resources */,
			);
			runOnlyForDeploymentPostprocessing = 0;
		};
		24AF88461917CAC600DB6990 /* Resources */ = {
			isa = PBXResourcesBuildPhase;
			buildActionMask = 2147483647;
			files = (
				24AF88541917CAC600DB6990 /* InfoPlist.strings in Resources */,
			);
			runOnlyForDeploymentPostprocessing = 0;
		};
/* End PBXResourcesBuildPhase section */

/* Begin PBXSourcesBuildPhase section */
		24AF88231917CAC600DB6990 /* Sources */ = {
			isa = PBXSourcesBuildPhase;
			buildActionMask = 2147483647;
			files = (
				24AF88901918F59000DB6990 /* BackgroundVC.m in Sources */,
				24AF883B1917CAC600DB6990 /* AppDelegate.m in Sources */,
				24AF88AB191A2BB400DB6990 /* TaskCell.m in Sources */,
				24AF8878191829F800DB6990 /* ISMViewController.m in Sources */,
				24AF88371917CAC600DB6990 /* main.m in Sources */,
				24AF888A1918C21B00DB6990 /* MainViewController.m in Sources */,
				24AF887D19182A9E00DB6990 /* UIWindow+Screenshot.m in Sources */,
				24AF88941918F6EA00DB6990 /* UIColor+Color.m in Sources */,
				24AF88A719191AD800DB6990 /* SwipeView.m in Sources */,
			);
			runOnlyForDeploymentPostprocessing = 0;
		};
		24AF88441917CAC600DB6990 /* Sources */ = {
			isa = PBXSourcesBuildPhase;
			buildActionMask = 2147483647;
			files = (
				24AF88561917CAC600DB6990 /* BackOffice2_0Tests.m in Sources */,
			);
			runOnlyForDeploymentPostprocessing = 0;
		};
/* End PBXSourcesBuildPhase section */

/* Begin PBXTargetDependency section */
		24AF884E1917CAC600DB6990 /* PBXTargetDependency */ = {
			isa = PBXTargetDependency;
			target = 24AF88261917CAC600DB6990 /* BackOffice2.0 */;
			targetProxy = 24AF884D1917CAC600DB6990 /* PBXContainerItemProxy */;
		};
/* End PBXTargetDependency section */

/* Begin PBXVariantGroup section */
		24AF88331917CAC600DB6990 /* InfoPlist.strings */ = {
			isa = PBXVariantGroup;
			children = (
				24AF88341917CAC600DB6990 /* en */,
			);
			name = InfoPlist.strings;
			sourceTree = "<group>";
		};
		24AF883C1917CAC600DB6990 /* Main.storyboard */ = {
			isa = PBXVariantGroup;
			children = (
				24AF883D1917CAC600DB6990 /* Base */,
			);
			name = Main.storyboard;
			sourceTree = "<group>";
		};
		24AF88521917CAC600DB6990 /* InfoPlist.strings */ = {
			isa = PBXVariantGroup;
			children = (
				24AF88531917CAC600DB6990 /* en */,
			);
			name = InfoPlist.strings;
			sourceTree = "<group>";
		};
/* End PBXVariantGroup section */

/* Begin XCBuildConfiguration section */
		24AF88571917CAC600DB6990 /* Debug */ = {
			isa = XCBuildConfiguration;
			buildSettings = {
				ALWAYS_SEARCH_USER_PATHS = NO;
				CLANG_CXX_LANGUAGE_STANDARD = "gnu++0x";
				CLANG_CXX_LIBRARY = "libc++";
				CLANG_ENABLE_MODULES = YES;
				CLANG_ENABLE_OBJC_ARC = YES;
				CLANG_WARN_BOOL_CONVERSION = YES;
				CLANG_WARN_CONSTANT_CONVERSION = YES;
				CLANG_WARN_DIRECT_OBJC_ISA_USAGE = YES_ERROR;
				CLANG_WARN_EMPTY_BODY = YES;
				CLANG_WARN_ENUM_CONVERSION = YES;
				CLANG_WARN_INT_CONVERSION = YES;
				CLANG_WARN_OBJC_ROOT_CLASS = YES_ERROR;
				CLANG_WARN__DUPLICATE_METHOD_MATCH = YES;
				"CODE_SIGN_IDENTITY[sdk=iphoneos*]" = "iPhone Developer";
				COPY_PHASE_STRIP = NO;
				GCC_C_LANGUAGE_STANDARD = gnu99;
				GCC_DYNAMIC_NO_PIC = NO;
				GCC_OPTIMIZATION_LEVEL = 0;
				GCC_PREPROCESSOR_DEFINITIONS = (
					"DEBUG=1",
					"$(inherited)",
				);
				GCC_SYMBOLS_PRIVATE_EXTERN = NO;
				GCC_WARN_64_TO_32_BIT_CONVERSION = YES;
				GCC_WARN_ABOUT_RETURN_TYPE = YES_ERROR;
				GCC_WARN_UNDECLARED_SELECTOR = YES;
				GCC_WARN_UNINITIALIZED_AUTOS = YES_AGGRESSIVE;
				GCC_WARN_UNUSED_FUNCTION = YES;
				GCC_WARN_UNUSED_VARIABLE = YES;
				IPHONEOS_DEPLOYMENT_TARGET = 7.1;
				ONLY_ACTIVE_ARCH = YES;
				SDKROOT = iphoneos;
			};
			name = Debug;
		};
		24AF88581917CAC600DB6990 /* Release */ = {
			isa = XCBuildConfiguration;
			buildSettings = {
				ALWAYS_SEARCH_USER_PATHS = NO;
				CLANG_CXX_LANGUAGE_STANDARD = "gnu++0x";
				CLANG_CXX_LIBRARY = "libc++";
				CLANG_ENABLE_MODULES = YES;
				CLANG_ENABLE_OBJC_ARC = YES;
				CLANG_WARN_BOOL_CONVERSION = YES;
				CLANG_WARN_CONSTANT_CONVERSION = YES;
				CLANG_WARN_DIRECT_OBJC_ISA_USAGE = YES_ERROR;
				CLANG_WARN_EMPTY_BODY = YES;
				CLANG_WARN_ENUM_CONVERSION = YES;
				CLANG_WARN_INT_CONVERSION = YES;
				CLANG_WARN_OBJC_ROOT_CLASS = YES_ERROR;
				CLANG_WARN__DUPLICATE_METHOD_MATCH = YES;
				"CODE_SIGN_IDENTITY[sdk=iphoneos*]" = "iPhone Developer";
				COPY_PHASE_STRIP = YES;
				ENABLE_NS_ASSERTIONS = NO;
				GCC_C_LANGUAGE_STANDARD = gnu99;
				GCC_WARN_64_TO_32_BIT_CONVERSION = YES;
				GCC_WARN_ABOUT_RETURN_TYPE = YES_ERROR;
				GCC_WARN_UNDECLARED_SELECTOR = YES;
				GCC_WARN_UNINITIALIZED_AUTOS = YES_AGGRESSIVE;
				GCC_WARN_UNUSED_FUNCTION = YES;
				GCC_WARN_UNUSED_VARIABLE = YES;
				IPHONEOS_DEPLOYMENT_TARGET = 7.1;
				SDKROOT = iphoneos;
				VALIDATE_PRODUCT = YES;
			};
			name = Release;
		};
		24AF885A1917CAC600DB6990 /* Debug */ = {
			isa = XCBuildConfiguration;
			buildSettings = {
				ASSETCATALOG_COMPILER_APPICON_NAME = AppIcon;
				ASSETCATALOG_COMPILER_LAUNCHIMAGE_NAME = LaunchImage;
				GCC_PRECOMPILE_PREFIX_HEADER = YES;
				GCC_PREFIX_HEADER = "BackOffice2.0/BackOffice2.0-Prefix.pch";
				INFOPLIST_FILE = "BackOffice2.0/BackOffice2.0-Info.plist";
				PRODUCT_NAME = "$(TARGET_NAME)";
				WRAPPER_EXTENSION = app;
			};
			name = Debug;
		};
		24AF885B1917CAC600DB6990 /* Release */ = {
			isa = XCBuildConfiguration;
			buildSettings = {
				ASSETCATALOG_COMPILER_APPICON_NAME = AppIcon;
				ASSETCATALOG_COMPILER_LAUNCHIMAGE_NAME = LaunchImage;
				GCC_PRECOMPILE_PREFIX_HEADER = YES;
				GCC_PREFIX_HEADER = "BackOffice2.0/BackOffice2.0-Prefix.pch";
				INFOPLIST_FILE = "BackOffice2.0/BackOffice2.0-Info.plist";
				PRODUCT_NAME = "$(TARGET_NAME)";
				WRAPPER_EXTENSION = app;
			};
			name = Release;
		};
		24AF885D1917CAC600DB6990 /* Debug */ = {
			isa = XCBuildConfiguration;
			buildSettings = {
				BUNDLE_LOADER = "$(BUILT_PRODUCTS_DIR)/BackOffice2.0.app/BackOffice2.0";
				FRAMEWORK_SEARCH_PATHS = (
					"$(SDKROOT)/Developer/Library/Frameworks",
					"$(inherited)",
					"$(DEVELOPER_FRAMEWORKS_DIR)",
				);
				GCC_PRECOMPILE_PREFIX_HEADER = YES;
				GCC_PREFIX_HEADER = "BackOffice2.0/BackOffice2.0-Prefix.pch";
				GCC_PREPROCESSOR_DEFINITIONS = (
					"DEBUG=1",
					"$(inherited)",
				);
				INFOPLIST_FILE = "BackOffice2.0Tests/BackOffice2.0Tests-Info.plist";
				PRODUCT_NAME = "$(TARGET_NAME)";
				TEST_HOST = "$(BUNDLE_LOADER)";
				WRAPPER_EXTENSION = xctest;
			};
			name = Debug;
		};
		24AF885E1917CAC600DB6990 /* Release */ = {
			isa = XCBuildConfiguration;
			buildSettings = {
				BUNDLE_LOADER = "$(BUILT_PRODUCTS_DIR)/BackOffice2.0.app/BackOffice2.0";
				FRAMEWORK_SEARCH_PATHS = (
					"$(SDKROOT)/Developer/Library/Frameworks",
					"$(inherited)",
					"$(DEVELOPER_FRAMEWORKS_DIR)",
				);
				GCC_PRECOMPILE_PREFIX_HEADER = YES;
				GCC_PREFIX_HEADER = "BackOffice2.0/BackOffice2.0-Prefix.pch";
				INFOPLIST_FILE = "BackOffice2.0Tests/BackOffice2.0Tests-Info.plist";
				PRODUCT_NAME = "$(TARGET_NAME)";
				TEST_HOST = "$(BUNDLE_LOADER)";
				WRAPPER_EXTENSION = xctest;
			};
			name = Release;
		};
/* End XCBuildConfiguration section */

/* Begin XCConfigurationList section */
		24AF88221917CAC600DB6990 /* Build configuration list for PBXProject "BackOffice2.0" */ = {
			isa = XCConfigurationList;
			buildConfigurations = (
				24AF88571917CAC600DB6990 /* Debug */,
				24AF88581917CAC600DB6990 /* Release */,
			);
			defaultConfigurationIsVisible = 0;
			defaultConfigurationName = Release;
		};
		24AF88591917CAC600DB6990 /* Build configuration list for PBXNativeTarget "BackOffice2.0" */ = {
			isa = XCConfigurationList;
			buildConfigurations = (
				24AF885A1917CAC600DB6990 /* Debug */,
				24AF885B1917CAC600DB6990 /* Release */,
			);
			defaultConfigurationIsVisible = 0;
			defaultConfigurationName = Release;
		};
		24AF885C1917CAC600DB6990 /* Build configuration list for PBXNativeTarget "BackOffice2.0Tests" */ = {
			isa = XCConfigurationList;
			buildConfigurations = (
				24AF885D1917CAC600DB6990 /* Debug */,
				24AF885E1917CAC600DB6990 /* Release */,
			);
			defaultConfigurationIsVisible = 0;
			defaultConfigurationName = Release;
		};
/* End XCConfigurationList section */
	};
	rootObject = 24AF881F1917CAC600DB6990 /* Project object */;
}
